
Microsoft Visual Studio Solution File, Format Version 12.00
# Visual Studio Version 17
VisualStudioVersion = 17.3.32922.545
MinimumVisualStudioVersion = 10.0.40219.1
Project("{FAE04EC0-301F-11D3-BF4B-00C04F79EFBC}") = "assignment11_PavelGolovan-Practice2-", "assignment11_PavelGolovan-Practice2-.csproj", "{AA99A8A6-AEDF-4C2A-8133-4559E7A68FC9}"
EndProject
Global
	GlobalSection(SolutionConfigurationPlatforms) = preSolution
		Debug|Any CPU = Debug|Any CPU
		Release|Any CPU = Release|Any CPU
	EndGlobalSection
	GlobalSection(ProjectConfigurationPlatforms) = postSolution
		{AA99A8A6-AEDF-4C2A-8133-4559E7A68FC9}.Debug|Any CPU.ActiveCfg = Debug|Any CPU
		{AA99A8A6-AEDF-4C2A-8133-4559E7A68FC9}.Debug|Any CPU.Build.0 = Debug|Any CPU
		{AA99A8A6-AEDF-4C2A-8133-4559E7A68FC9}.Release|Any CPU.ActiveCfg = Release|Any CPU
		{AA99A8A6-AEDF-4C2A-8133-4559E7A68FC9}.Release|Any CPU.Build.0 = Release|Any CPU
	EndGlobalSection
	GlobalSection(SolutionProperties) = preSolution
		HideSolutionNode = FALSE
	EndGlobalSection
	GlobalSection(ExtensibilityGlobals) = postSolution
		SolutionGuid = {03E4E45C-A21A-41D6-B88B-E14249CBB486}
	EndGlobalSection
EndGlobal
